
Microsoft Visual Studio Solution File, Format Version 12.00
# Visual Studio Version 16
VisualStudioVersion = 16.0.30711.63
MinimumVisualStudioVersion = 10.0.40219.1
Project("{9A19103F-16F7-4668-BE54-9A1E7A4F7556}") = "Blazor.Demo", "Blazor.Demo.csproj", "{654F99AE-C9A5-47B0-8C33-29494B1F40DC}"
EndProject
Project("{FAE04EC0-301F-11D3-BF4B-00C04F79EFBC}") = "Blazor.Demo.UnitTest", "..\Blazor.Demo.UnitTest\Blazor.Demo.UnitTest.csproj", "{82201F25-0B00-4229-8C56-F02A18DB6B95}"
EndProject
Global
	GlobalSection(SolutionConfigurationPlatforms) = preSolution
		Debug|Any CPU = Debug|Any CPU
		Release|Any CPU = Release|Any CPU
	EndGlobalSection
	GlobalSection(ProjectConfigurationPlatforms) = postSolution
		{654F99AE-C9A5-47B0-8C33-29494B1F40DC}.Debug|Any CPU.ActiveCfg = Debug|Any CPU
		{654F99AE-C9A5-47B0-8C33-29494B1F40DC}.Debug|Any CPU.Build.0 = Debug|Any CPU
		{654F99AE-C9A5-47B0-8C33-29494B1F40DC}.Release|Any CPU.ActiveCfg = Release|Any CPU
		{654F99AE-C9A5-47B0-8C33-29494B1F40DC}.Release|Any CPU.Build.0 = Release|Any CPU
		{82201F25-0B00-4229-8C56-F02A18DB6B95}.Debug|Any CPU.ActiveCfg = Debug|Any CPU
		{82201F25-0B00-4229-8C56-F02A18DB6B95}.Debug|Any CPU.Build.0 = Debug|Any CPU
		{82201F25-0B00-4229-8C56-F02A18DB6B95}.Release|Any CPU.ActiveCfg = Release|Any CPU
		{82201F25-0B00-4229-8C56-F02A18DB6B95}.Release|Any CPU.Build.0 = Release|Any CPU
	EndGlobalSection
	GlobalSection(SolutionProperties) = preSolution
		HideSolutionNode = FALSE
	EndGlobalSection
	GlobalSection(ExtensibilityGlobals) = postSolution
		SolutionGuid = {594D4C89-004E-4497-9E19-B3766F6EA0C0}
	EndGlobalSection
EndGlobal
